
Microsoft Visual Studio Solution File, Format Version 12.00
# Visual Studio Version 16
VisualStudioVersion = 16.0.28803.352
MinimumVisualStudioVersion = 10.0.40219.1
Project("{9A19103F-16F7-4668-BE54-9A1E7A4F7556}") = "WordDotNet", "WordDotNet\WordDotNet.csproj", "{192ABCE6-E6C3-4566-99D4-CB3E689159BE}"
EndProject
Project("{FAE04EC0-301F-11D3-BF4B-00C04F79EFBC}") = "Tests", "Tests\Tests.csproj", "{DD92CFD7-7614-46BB-9809-80C0F5F214E8}"
EndProject
Global
	GlobalSection(SolutionConfigurationPlatforms) = preSolution
		Debug|Any CPU = Debug|Any CPU
		Release|Any CPU = Release|Any CPU
	EndGlobalSection
	GlobalSection(ProjectConfigurationPlatforms) = postSolution
		{192ABCE6-E6C3-4566-99D4-CB3E689159BE}.Debug|Any CPU.ActiveCfg = Debug|Any CPU
		{192ABCE6-E6C3-4566-99D4-CB3E689159BE}.Debug|Any CPU.Build.0 = Debug|Any CPU
		{192ABCE6-E6C3-4566-99D4-CB3E689159BE}.Release|Any CPU.ActiveCfg = Release|Any CPU
		{192ABCE6-E6C3-4566-99D4-CB3E689159BE}.Release|Any CPU.Build.0 = Release|Any CPU
		{DD92CFD7-7614-46BB-9809-80C0F5F214E8}.Debug|Any CPU.ActiveCfg = Debug|Any CPU
		{DD92CFD7-7614-46BB-9809-80C0F5F214E8}.Debug|Any CPU.Build.0 = Debug|Any CPU
		{DD92CFD7-7614-46BB-9809-80C0F5F214E8}.Release|Any CPU.ActiveCfg = Release|Any CPU
		{DD92CFD7-7614-46BB-9809-80C0F5F214E8}.Release|Any CPU.Build.0 = Release|Any CPU
	EndGlobalSection
	GlobalSection(SolutionProperties) = preSolution
		HideSolutionNode = FALSE
	EndGlobalSection
	GlobalSection(ExtensibilityGlobals) = postSolution
		SolutionGuid = {4C67C94E-E2A9-4748-BE8B-9E4B2CB5AD51}
	EndGlobalSection
EndGlobal
